
Microsoft Visual Studio Solution File, Format Version 12.00
# Visual Studio 15
VisualStudioVersion = 15.0.28307.168
MinimumVisualStudioVersion = 10.0.40219.1
Project("{8BC9CEB8-8B4A-11D0-8D11-00A0C91BC942}") = "SnowPlows", "SnowPlows\SnowPlows.vcxproj", "{DDE4D80D-D38A-4061-9466-9E418BC0CEBD}"
EndProject
Global
	GlobalSection(SolutionConfigurationPlatforms) = preSolution
		Debug|x64 = Debug|x64
		Debug|x86 = Debug|x86
		Release|x64 = Release|x64
		Release|x86 = Release|x86
	EndGlobalSection
	GlobalSection(ProjectConfigurationPlatforms) = postSolution
		{DDE4D80D-D38A-4061-9466-9E418BC0CEBD}.Debug|x64.ActiveCfg = Debug|x64
		{DDE4D80D-D38A-4061-9466-9E418BC0CEBD}.Debug|x64.Build.0 = Debug|x64
		{DDE4D80D-D38A-4061-9466-9E418BC0CEBD}.Debug|x86.ActiveCfg = Debug|Win32
		{DDE4D80D-D38A-4061-9466-9E418BC0CEBD}.Debug|x86.Build.0 = Debug|Win32
		{DDE4D80D-D38A-4061-9466-9E418BC0CEBD}.Release|x64.ActiveCfg = Release|x64
		{DDE4D80D-D38A-4061-9466-9E418BC0CEBD}.Release|x64.Build.0 = Release|x64
		{DDE4D80D-D38A-4061-9466-9E418BC0CEBD}.Release|x86.ActiveCfg = Release|Win32
		{DDE4D80D-D38A-4061-9466-9E418BC0CEBD}.Release|x86.Build.0 = Release|Win32
	EndGlobalSection
	GlobalSection(SolutionProperties) = preSolution
		HideSolutionNode = FALSE
	EndGlobalSection
	GlobalSection(ExtensibilityGlobals) = postSolution
		SolutionGuid = {B71ADEC0-6AED-45E4-835B-6B06444D1A20}
	EndGlobalSection
EndGlobal
